
Microsoft Visual Studio Solution File, Format Version 12.00
# Visual Studio Version 17
VisualStudioVersion = 17.10.35027.167
MinimumVisualStudioVersion = 10.0.40219.1
Project("{FAE04EC0-301F-11D3-BF4B-00C04F79EFBC}") = "TaskManagement.API", "TaskManagement.API\TaskManagement.API.csproj", "{B1F46D62-9156-48FC-BBD5-9158A6B31EBA}"
EndProject
Project("{FAE04EC0-301F-11D3-BF4B-00C04F79EFBC}") = "TaskManagement.Application", "TaskManagement.Application\TaskManagement.Application.csproj", "{55EA3A33-B6E9-45B1-87D9-0BFCEF24C853}"
EndProject
Project("{FAE04EC0-301F-11D3-BF4B-00C04F79EFBC}") = "TaskManagement.Infrastructure", "TaskManagement.Infrastructure\TaskManagement.Infrastructure.csproj", "{97190C3B-B97D-4342-8AE2-BF00652A8C73}"
EndProject
Project("{FAE04EC0-301F-11D3-BF4B-00C04F79EFBC}") = "TaskManagement.Domain", "TaskManagement.Domain\TaskManagement.Domain.csproj", "{686100B8-E7BA-4EF0-86B0-C7A065E88E63}"
EndProject
Global
	GlobalSection(SolutionConfigurationPlatforms) = preSolution
		Debug|Any CPU = Debug|Any CPU
		Release|Any CPU = Release|Any CPU
	EndGlobalSection
	GlobalSection(ProjectConfigurationPlatforms) = postSolution
		{B1F46D62-9156-48FC-BBD5-9158A6B31EBA}.Debug|Any CPU.ActiveCfg = Debug|Any CPU
		{B1F46D62-9156-48FC-BBD5-9158A6B31EBA}.Debug|Any CPU.Build.0 = Debug|Any CPU
		{B1F46D62-9156-48FC-BBD5-9158A6B31EBA}.Release|Any CPU.ActiveCfg = Release|Any CPU
		{B1F46D62-9156-48FC-BBD5-9158A6B31EBA}.Release|Any CPU.Build.0 = Release|Any CPU
		{55EA3A33-B6E9-45B1-87D9-0BFCEF24C853}.Debug|Any CPU.ActiveCfg = Debug|Any CPU
		{55EA3A33-B6E9-45B1-87D9-0BFCEF24C853}.Debug|Any CPU.Build.0 = Debug|Any CPU
		{55EA3A33-B6E9-45B1-87D9-0BFCEF24C853}.Release|Any CPU.ActiveCfg = Release|Any CPU
		{55EA3A33-B6E9-45B1-87D9-0BFCEF24C853}.Release|Any CPU.Build.0 = Release|Any CPU
		{97190C3B-B97D-4342-8AE2-BF00652A8C73}.Debug|Any CPU.ActiveCfg = Debug|Any CPU
		{97190C3B-B97D-4342-8AE2-BF00652A8C73}.Debug|Any CPU.Build.0 = Debug|Any CPU
		{97190C3B-B97D-4342-8AE2-BF00652A8C73}.Release|Any CPU.ActiveCfg = Release|Any CPU
		{97190C3B-B97D-4342-8AE2-BF00652A8C73}.Release|Any CPU.Build.0 = Release|Any CPU
		{686100B8-E7BA-4EF0-86B0-C7A065E88E63}.Debug|Any CPU.ActiveCfg = Debug|Any CPU
		{686100B8-E7BA-4EF0-86B0-C7A065E88E63}.Debug|Any CPU.Build.0 = Debug|Any CPU
		{686100B8-E7BA-4EF0-86B0-C7A065E88E63}.Release|Any CPU.ActiveCfg = Release|Any CPU
		{686100B8-E7BA-4EF0-86B0-C7A065E88E63}.Release|Any CPU.Build.0 = Release|Any CPU
	EndGlobalSection
	GlobalSection(SolutionProperties) = preSolution
		HideSolutionNode = FALSE
	EndGlobalSection
	GlobalSection(ExtensibilityGlobals) = postSolution
		SolutionGuid = {BD388F82-0253-447B-8D61-483CE0A11880}
	EndGlobalSection
EndGlobal
